
Microsoft Visual Studio Solution File, Format Version 12.00
# Visual Studio 15
VisualStudioVersion = 15.0.28307.1082
MinimumVisualStudioVersion = 10.0.40219.1
Project("{8BC9CEB8-8B4A-11D0-8D11-00A0C91BC942}") = "GetAndGetline", "GetAndGetline\GetAndGetline.vcxproj", "{C3F0F15D-F668-4D7B-A9FA-231B8502DF9C}"
EndProject
Project("{8BC9CEB8-8B4A-11D0-8D11-00A0C91BC942}") = "LearnGurobi", "LearnGurobi\LearnGurobi.vcxproj", "{2AD4BBD8-D4DA-4A57-B115-0016837CDBAC}"
EndProject
Project("{8BC9CEB8-8B4A-11D0-8D11-00A0C91BC942}") = "LearnMetis", "LearnMetis\LearnMetis.vcxproj", "{4F5D7CE4-1126-48A8-AE80-74DE447079FD}"
EndProject
Global
	GlobalSection(SolutionConfigurationPlatforms) = preSolution
		Debug|x64 = Debug|x64
		Debug|x86 = Debug|x86
		Release|x64 = Release|x64
		Release|x86 = Release|x86
	EndGlobalSection
	GlobalSection(ProjectConfigurationPlatforms) = postSolution
		{C3F0F15D-F668-4D7B-A9FA-231B8502DF9C}.Debug|x64.ActiveCfg = Debug|x64
		{C3F0F15D-F668-4D7B-A9FA-231B8502DF9C}.Debug|x64.Build.0 = Debug|x64
		{C3F0F15D-F668-4D7B-A9FA-231B8502DF9C}.Debug|x86.ActiveCfg = Debug|Win32
		{C3F0F15D-F668-4D7B-A9FA-231B8502DF9C}.Debug|x86.Build.0 = Debug|Win32
		{C3F0F15D-F668-4D7B-A9FA-231B8502DF9C}.Release|x64.ActiveCfg = Release|x64
		{C3F0F15D-F668-4D7B-A9FA-231B8502DF9C}.Release|x64.Build.0 = Release|x64
		{C3F0F15D-F668-4D7B-A9FA-231B8502DF9C}.Release|x86.ActiveCfg = Release|Win32
		{C3F0F15D-F668-4D7B-A9FA-231B8502DF9C}.Release|x86.Build.0 = Release|Win32
		{2AD4BBD8-D4DA-4A57-B115-0016837CDBAC}.Debug|x64.ActiveCfg = Debug|x64
		{2AD4BBD8-D4DA-4A57-B115-0016837CDBAC}.Debug|x64.Build.0 = Debug|x64
		{2AD4BBD8-D4DA-4A57-B115-0016837CDBAC}.Debug|x86.ActiveCfg = Debug|Win32
		{2AD4BBD8-D4DA-4A57-B115-0016837CDBAC}.Debug|x86.Build.0 = Debug|Win32
		{2AD4BBD8-D4DA-4A57-B115-0016837CDBAC}.Release|x64.ActiveCfg = Release|x64
		{2AD4BBD8-D4DA-4A57-B115-0016837CDBAC}.Release|x64.Build.0 = Release|x64
		{2AD4BBD8-D4DA-4A57-B115-0016837CDBAC}.Release|x86.ActiveCfg = Release|Win32
		{2AD4BBD8-D4DA-4A57-B115-0016837CDBAC}.Release|x86.Build.0 = Release|Win32
		{4F5D7CE4-1126-48A8-AE80-74DE447079FD}.Debug|x64.ActiveCfg = Debug|x64
		{4F5D7CE4-1126-48A8-AE80-74DE447079FD}.Debug|x64.Build.0 = Debug|x64
		{4F5D7CE4-1126-48A8-AE80-74DE447079FD}.Debug|x86.ActiveCfg = Debug|Win32
		{4F5D7CE4-1126-48A8-AE80-74DE447079FD}.Debug|x86.Build.0 = Debug|Win32
		{4F5D7CE4-1126-48A8-AE80-74DE447079FD}.Release|x64.ActiveCfg = Release|x64
		{4F5D7CE4-1126-48A8-AE80-74DE447079FD}.Release|x64.Build.0 = Release|x64
		{4F5D7CE4-1126-48A8-AE80-74DE447079FD}.Release|x86.ActiveCfg = Release|Win32
		{4F5D7CE4-1126-48A8-AE80-74DE447079FD}.Release|x86.Build.0 = Release|Win32
	EndGlobalSection
	GlobalSection(SolutionProperties) = preSolution
		HideSolutionNode = FALSE
	EndGlobalSection
	GlobalSection(ExtensibilityGlobals) = postSolution
		SolutionGuid = {7A1DF785-DA40-4D70-AF01-F4634FB42645}
	EndGlobalSection
EndGlobal
